
Microsoft Visual Studio Solution File, Format Version 12.00
# Visual Studio 15
VisualStudioVersion = 15.0.27428.2015
MinimumVisualStudioVersion = 10.0.40219.1
Project("{FAE04EC0-301F-11D3-BF4B-00C04F79EFBC}") = "InterpreterPattern", "InterpreterPattern\InterpreterPattern.csproj", "{9BD4C839-36DB-4AAF-8472-CFE6459E650F}"
EndProject
Global
	GlobalSection(SolutionConfigurationPlatforms) = preSolution
		Debug|Any CPU = Debug|Any CPU
		Release|Any CPU = Release|Any CPU
	EndGlobalSection
	GlobalSection(ProjectConfigurationPlatforms) = postSolution
		{9BD4C839-36DB-4AAF-8472-CFE6459E650F}.Debug|Any CPU.ActiveCfg = Debug|Any CPU
		{9BD4C839-36DB-4AAF-8472-CFE6459E650F}.Debug|Any CPU.Build.0 = Debug|Any CPU
		{9BD4C839-36DB-4AAF-8472-CFE6459E650F}.Release|Any CPU.ActiveCfg = Release|Any CPU
		{9BD4C839-36DB-4AAF-8472-CFE6459E650F}.Release|Any CPU.Build.0 = Release|Any CPU
	EndGlobalSection
	GlobalSection(SolutionProperties) = preSolution
		HideSolutionNode = FALSE
	EndGlobalSection
	GlobalSection(ExtensibilityGlobals) = postSolution
		SolutionGuid = {C530A733-463F-4DE2-B277-910288BB7C2B}
	EndGlobalSection
EndGlobal
