
Microsoft Visual Studio Solution File, Format Version 12.00
# Visual Studio 15
VisualStudioVersion = 15.0.27004.2002
MinimumVisualStudioVersion = 10.0.40219.1
Project("{FAE04EC0-301F-11D3-BF4B-00C04F79EFBC}") = "IterationPatternConsole", "IterationPatternConsole.csproj", "{EEB338CE-89F5-4EA2-9C23-E8983FCBFC48}"
EndProject
Global
	GlobalSection(SolutionConfigurationPlatforms) = preSolution
		Debug|Any CPU = Debug|Any CPU
		Release|Any CPU = Release|Any CPU
	EndGlobalSection
	GlobalSection(ProjectConfigurationPlatforms) = postSolution
		{EEB338CE-89F5-4EA2-9C23-E8983FCBFC48}.Debug|Any CPU.ActiveCfg = Debug|Any CPU
		{EEB338CE-89F5-4EA2-9C23-E8983FCBFC48}.Debug|Any CPU.Build.0 = Debug|Any CPU
		{EEB338CE-89F5-4EA2-9C23-E8983FCBFC48}.Release|Any CPU.ActiveCfg = Release|Any CPU
		{EEB338CE-89F5-4EA2-9C23-E8983FCBFC48}.Release|Any CPU.Build.0 = Release|Any CPU
	EndGlobalSection
	GlobalSection(SolutionProperties) = preSolution
		HideSolutionNode = FALSE
	EndGlobalSection
	GlobalSection(ExtensibilityGlobals) = postSolution
		SolutionGuid = {DC43A35A-63CF-47C3-8196-45837CC9E7BB}
	EndGlobalSection
EndGlobal
